
Microsoft Visual Studio Solution File, Format Version 12.00
# Visual Studio 15
VisualStudioVersion = 15.0.28307.168
MinimumVisualStudioVersion = 10.0.40219.1
Project("{FAE04EC0-301F-11D3-BF4B-00C04F79EFBC}") = "PatternMatcher", "PatternMatcher\PatternMatcher.csproj", "{94EDD4D9-4B32-414E-8370-1A7F1E2A192F}"
EndProject
Global
	GlobalSection(SolutionConfigurationPlatforms) = preSolution
		Debug|Any CPU = Debug|Any CPU
		Release|Any CPU = Release|Any CPU
	EndGlobalSection
	GlobalSection(ProjectConfigurationPlatforms) = postSolution
		{94EDD4D9-4B32-414E-8370-1A7F1E2A192F}.Debug|Any CPU.ActiveCfg = Debug|Any CPU
		{94EDD4D9-4B32-414E-8370-1A7F1E2A192F}.Debug|Any CPU.Build.0 = Debug|Any CPU
		{94EDD4D9-4B32-414E-8370-1A7F1E2A192F}.Release|Any CPU.ActiveCfg = Release|Any CPU
		{94EDD4D9-4B32-414E-8370-1A7F1E2A192F}.Release|Any CPU.Build.0 = Release|Any CPU
	EndGlobalSection
	GlobalSection(SolutionProperties) = preSolution
		HideSolutionNode = FALSE
	EndGlobalSection
	GlobalSection(ExtensibilityGlobals) = postSolution
		SolutionGuid = {C7C04265-CF9C-4530-8189-21F13204BD7F}
	EndGlobalSection
EndGlobal
